
Microsoft Visual Studio Solution File, Format Version 12.00
Project("{FAE04EC0-301F-11D3-BF4B-00C04F79EFBC}") = "Cal_Desktop", "Cal_Desktop\Cal_Desktop.csproj", "{5D7341FC-9104-4492-82CE-D4186B416F71}"
EndProject
Project("{FAE04EC0-301F-11D3-BF4B-00C04F79EFBC}") = "Cal_Console", "Cal_Console\Cal_Console.csproj", "{B3B2C792-36BB-4968-8F60-6A26566DCC0D}"
EndProject
Global
	GlobalSection(SolutionConfigurationPlatforms) = preSolution
		Debug|Any CPU = Debug|Any CPU
		Release|Any CPU = Release|Any CPU
	EndGlobalSection
	GlobalSection(ProjectConfigurationPlatforms) = postSolution
		{5D7341FC-9104-4492-82CE-D4186B416F71}.Debug|Any CPU.ActiveCfg = Debug|Any CPU
		{5D7341FC-9104-4492-82CE-D4186B416F71}.Debug|Any CPU.Build.0 = Debug|Any CPU
		{5D7341FC-9104-4492-82CE-D4186B416F71}.Release|Any CPU.ActiveCfg = Release|Any CPU
		{5D7341FC-9104-4492-82CE-D4186B416F71}.Release|Any CPU.Build.0 = Release|Any CPU
		{B3B2C792-36BB-4968-8F60-6A26566DCC0D}.Debug|Any CPU.ActiveCfg = Debug|Any CPU
		{B3B2C792-36BB-4968-8F60-6A26566DCC0D}.Debug|Any CPU.Build.0 = Debug|Any CPU
		{B3B2C792-36BB-4968-8F60-6A26566DCC0D}.Release|Any CPU.ActiveCfg = Release|Any CPU
		{B3B2C792-36BB-4968-8F60-6A26566DCC0D}.Release|Any CPU.Build.0 = Release|Any CPU
	EndGlobalSection
EndGlobal
