
Microsoft Visual Studio Solution File, Format Version 12.00
# Visual Studio Version 16
VisualStudioVersion = 16.0.31205.134
MinimumVisualStudioVersion = 10.0.40219.1
Project("{9A19103F-16F7-4668-BE54-9A1E7A4F7556}") = "Homework8", "Homework8\Homework8.csproj", "{034C3F85-367F-46A2-A2C2-61EE103D30A8}"
EndProject
Project("{FAE04EC0-301F-11D3-BF4B-00C04F79EFBC}") = "OrderUtils", "OrderUtils\OrderUtils.csproj", "{C888B3D3-297F-445B-977A-7C5F48F850BD}"
EndProject
Global
	GlobalSection(SolutionConfigurationPlatforms) = preSolution
		Debug|Any CPU = Debug|Any CPU
		Release|Any CPU = Release|Any CPU
	EndGlobalSection
	GlobalSection(ProjectConfigurationPlatforms) = postSolution
		{034C3F85-367F-46A2-A2C2-61EE103D30A8}.Debug|Any CPU.ActiveCfg = Debug|Any CPU
		{034C3F85-367F-46A2-A2C2-61EE103D30A8}.Debug|Any CPU.Build.0 = Debug|Any CPU
		{034C3F85-367F-46A2-A2C2-61EE103D30A8}.Release|Any CPU.ActiveCfg = Release|Any CPU
		{034C3F85-367F-46A2-A2C2-61EE103D30A8}.Release|Any CPU.Build.0 = Release|Any CPU
		{C888B3D3-297F-445B-977A-7C5F48F850BD}.Debug|Any CPU.ActiveCfg = Debug|Any CPU
		{C888B3D3-297F-445B-977A-7C5F48F850BD}.Debug|Any CPU.Build.0 = Debug|Any CPU
		{C888B3D3-297F-445B-977A-7C5F48F850BD}.Release|Any CPU.ActiveCfg = Release|Any CPU
		{C888B3D3-297F-445B-977A-7C5F48F850BD}.Release|Any CPU.Build.0 = Release|Any CPU
	EndGlobalSection
	GlobalSection(SolutionProperties) = preSolution
		HideSolutionNode = FALSE
	EndGlobalSection
	GlobalSection(ExtensibilityGlobals) = postSolution
		SolutionGuid = {F4A1175F-3EC5-4667-B1F0-E99B27FC020C}
	EndGlobalSection
EndGlobal
